
Microsoft Visual Studio Solution File, Format Version 12.00
# Visual Studio Version 17
VisualStudioVersion = 17.3.32825.248
MinimumVisualStudioVersion = 10.0.40219.1
Project("{9A19103F-16F7-4668-BE54-9A1E7A4F7556}") = "LambdaOrFargate", "LambdaOrFargate\LambdaOrFargate.csproj", "{39020016-660F-4E0C-817E-51454E6F4F5F}"
EndProject
Project("{2150E333-8FDC-42A3-9474-1A3956D46DE8}") = "Resource", "Resource", "{541787E2-C2BA-4A9D-9D6C-C18EDDB9A5FA}"
	ProjectSection(SolutionItems) = preProject
		..\.gitignore = ..\.gitignore
	EndProjectSection
EndProject
Global
	GlobalSection(SolutionConfigurationPlatforms) = preSolution
		Debug|Any CPU = Debug|Any CPU
		Release|Any CPU = Release|Any CPU
	EndGlobalSection
	GlobalSection(ProjectConfigurationPlatforms) = postSolution
		{39020016-660F-4E0C-817E-51454E6F4F5F}.Debug|Any CPU.ActiveCfg = Debug|Any CPU
		{39020016-660F-4E0C-817E-51454E6F4F5F}.Debug|Any CPU.Build.0 = Debug|Any CPU
		{39020016-660F-4E0C-817E-51454E6F4F5F}.Release|Any CPU.ActiveCfg = Release|Any CPU
		{39020016-660F-4E0C-817E-51454E6F4F5F}.Release|Any CPU.Build.0 = Release|Any CPU
	EndGlobalSection
	GlobalSection(SolutionProperties) = preSolution
		HideSolutionNode = FALSE
	EndGlobalSection
	GlobalSection(ExtensibilityGlobals) = postSolution
		SolutionGuid = {A52C2396-85BC-4A97-918E-AC036443FDDB}
	EndGlobalSection
EndGlobal
